// !$*UTF8*$!
{
	archiveVersion = 1;
	classes = {
	};
	objectVersion = 50;
	objects = {

/* Begin PBXBuildFile section */
		900738F4239C5067001AF191 /* Climbing Stairs.swift in Sources */ = {isa = PBXBuildFile; fileRef = 900738F3239C5067001AF191 /* Climbing Stairs.swift */; };
		904C66C4239A4491003A64C5 /* Remove Duplicates from Sorted Array.swift in Sources */ = {isa = PBXBuildFile; fileRef = 904C66C3239A4491003A64C5 /* Remove Duplicates from Sorted Array.swift */; };
		904C66C6239A4A0A003A64C5 /* Remove Element.swift in Sources */ = {isa = PBXBuildFile; fileRef = 904C66C5239A4A0A003A64C5 /* Remove Element.swift */; };
		904C66C8239A4D19003A64C5 /* next-permutation.swift in Sources */ = {isa = PBXBuildFile; fileRef = 904C66C7239A4D19003A64C5 /* next-permutation.swift */; };
		904C66CA239A4E1E003A64C5 /* Remove Duplicates from Sorted Array II.swift in Sources */ = {isa = PBXBuildFile; fileRef = 904C66C9239A4E1E003A64C5 /* Remove Duplicates from Sorted Array II.swift */; };
		904C66CE239A5256003A64C5 /* Maximum Subarray.swift in Sources */ = {isa = PBXBuildFile; fileRef = 904C66CD239A5256003A64C5 /* Maximum Subarray.swift */; };
		908E034B2394B6C60041EC64 /* main.swift in Sources */ = {isa = PBXBuildFile; fileRef = 908E034A2394B6C60041EC64 /* main.swift */; };
		908E03582394B8F40041EC64 /* algorithm.swift in Sources */ = {isa = PBXBuildFile; fileRef = 908E03572394B8F40041EC64 /* algorithm.swift */; };
		908E036C2394BE540041EC64 /* Add Two Numbers.swift in Sources */ = {isa = PBXBuildFile; fileRef = 908E03642394BE540041EC64 /* Add Two Numbers.swift */; };
		908E036D2394BE540041EC64 /* longest substring.swift in Sources */ = {isa = PBXBuildFile; fileRef = 908E03662394BE540041EC64 /* longest substring.swift */; };
		908E036E2394BE540041EC64 /* 3SumClosest.swift in Sources */ = {isa = PBXBuildFile; fileRef = 908E03672394BE540041EC64 /* 3SumClosest.swift */; };
		908E036F2394BE540041EC64 /* Longest Palindromic.swift in Sources */ = {isa = PBXBuildFile; fileRef = 908E03682394BE540041EC64 /* Longest Palindromic.swift */; };
		908E03702394BE540041EC64 /* 3Sum.swift in Sources */ = {isa = PBXBuildFile; fileRef = 908E03692394BE540041EC64 /* 3Sum.swift */; };
		908E03712394BE540041EC64 /* Two Sum.swift in Sources */ = {isa = PBXBuildFile; fileRef = 908E036A2394BE540041EC64 /* Two Sum.swift */; };
		908E03722394BE540041EC64 /* removeDuplicates.swift in Sources */ = {isa = PBXBuildFile; fileRef = 908E036B2394BE540041EC64 /* removeDuplicates.swift */; };
		9091B2F523965C9000DAF380 /* 4Sum.swift in Sources */ = {isa = PBXBuildFile; fileRef = 9091B2F423965C9000DAF380 /* 4Sum.swift */; };
		90BEFA90239790FA00743C81 /* Add Binary.swift in Sources */ = {isa = PBXBuildFile; fileRef = 90BEFA8F239790FA00743C81 /* Add Binary.swift */; };
		90BEFA932397AA7A00743C81 /* Sum of Two Integers.swift in Sources */ = {isa = PBXBuildFile; fileRef = 90BEFA922397AA7A00743C81 /* Sum of Two Integers.swift */; };
		90BEFA952397AB5A00743C81 /* Add Strings.swift in Sources */ = {isa = PBXBuildFile; fileRef = 90BEFA942397AB5A00743C81 /* Add Strings.swift */; };
		90BEFA972397AED400743C81 /* Add to Array-Form of Integer.swift in Sources */ = {isa = PBXBuildFile; fileRef = 90BEFA962397AED400743C81 /* Add to Array-Form of Integer.swift */; };
/* End PBXBuildFile section */

/* Begin PBXCopyFilesBuildPhase section */
		908E03452394B6C60041EC64 /* CopyFiles */ = {
			isa = PBXCopyFilesBuildPhase;
			buildActionMask = 2147483647;
			dstPath = /usr/share/man/man1/;
			dstSubfolderSpec = 0;
			files = (
			);
			runOnlyForDeploymentPostprocessing = 1;
		};
/* End PBXCopyFilesBuildPhase section */

/* Begin PBXFileReference section */
		900738F3239C5067001AF191 /* Climbing Stairs.swift */ = {isa = PBXFileReference; lastKnownFileType = sourcecode.swift; path = "Climbing Stairs.swift"; sourceTree = "<group>"; };
		904C66C3239A4491003A64C5 /* Remove Duplicates from Sorted Array.swift */ = {isa = PBXFileReference; lastKnownFileType = sourcecode.swift; path = "Remove Duplicates from Sorted Array.swift"; sourceTree = "<group>"; };
		904C66C5239A4A0A003A64C5 /* Remove Element.swift */ = {isa = PBXFileReference; lastKnownFileType = sourcecode.swift; path = "Remove Element.swift"; sourceTree = "<group>"; };
		904C66C7239A4D19003A64C5 /* next-permutation.swift */ = {isa = PBXFileReference; lastKnownFileType = sourcecode.swift; path = "next-permutation.swift"; sourceTree = "<group>"; };
		904C66C9239A4E1E003A64C5 /* Remove Duplicates from Sorted Array II.swift */ = {isa = PBXFileReference; lastKnownFileType = sourcecode.swift; path = "Remove Duplicates from Sorted Array II.swift"; sourceTree = "<group>"; };
		904C66CD239A5256003A64C5 /* Maximum Subarray.swift */ = {isa = PBXFileReference; lastKnownFileType = sourcecode.swift; path = "Maximum Subarray.swift"; sourceTree = "<group>"; };
		908E03472394B6C60041EC64 /* leetCode */ = {isa = PBXFileReference; explicitFileType = "compiled.mach-o.executable"; includeInIndex = 0; path = leetCode; sourceTree = BUILT_PRODUCTS_DIR; };
		908E034A2394B6C60041EC64 /* main.swift */ = {isa = PBXFileReference; lastKnownFileType = sourcecode.swift; path = main.swift; sourceTree = "<group>"; };
		908E03572394B8F40041EC64 /* algorithm.swift */ = {isa = PBXFileReference; lastKnownFileType = sourcecode.swift; path = algorithm.swift; sourceTree = "<group>"; };
		908E03642394BE540041EC64 /* Add Two Numbers.swift */ = {isa = PBXFileReference; fileEncoding = 4; lastKnownFileType = sourcecode.swift; path = "Add Two Numbers.swift"; sourceTree = "<group>"; };
		908E03662394BE540041EC64 /* longest substring.swift */ = {isa = PBXFileReference; fileEncoding = 4; lastKnownFileType = sourcecode.swift; path = "longest substring.swift"; sourceTree = "<group>"; };
		908E03672394BE540041EC64 /* 3SumClosest.swift */ = {isa = PBXFileReference; fileEncoding = 4; lastKnownFileType = sourcecode.swift; path = 3SumClosest.swift; sourceTree = "<group>"; };
		908E03682394BE540041EC64 /* Longest Palindromic.swift */ = {isa = PBXFileReference; fileEncoding = 4; lastKnownFileType = sourcecode.swift; path = "Longest Palindromic.swift"; sourceTree = "<group>"; };
		908E03692394BE540041EC64 /* 3Sum.swift */ = {isa = PBXFileReference; fileEncoding = 4; lastKnownFileType = sourcecode.swift; path = 3Sum.swift; sourceTree = "<group>"; };
		908E036A2394BE540041EC64 /* Two Sum.swift */ = {isa = PBXFileReference; fileEncoding = 4; lastKnownFileType = sourcecode.swift; path = "Two Sum.swift"; sourceTree = "<group>"; };
		908E036B2394BE540041EC64 /* removeDuplicates.swift */ = {isa = PBXFileReference; fileEncoding = 4; lastKnownFileType = sourcecode.swift; path = removeDuplicates.swift; sourceTree = "<group>"; };
		9091B2F423965C9000DAF380 /* 4Sum.swift */ = {isa = PBXFileReference; lastKnownFileType = sourcecode.swift; path = 4Sum.swift; sourceTree = "<group>"; };
		90BEFA8F239790FA00743C81 /* Add Binary.swift */ = {isa = PBXFileReference; lastKnownFileType = sourcecode.swift; path = "Add Binary.swift"; sourceTree = "<group>"; };
		90BEFA922397AA7A00743C81 /* Sum of Two Integers.swift */ = {isa = PBXFileReference; lastKnownFileType = sourcecode.swift; path = "Sum of Two Integers.swift"; sourceTree = "<group>"; };
		90BEFA942397AB5A00743C81 /* Add Strings.swift */ = {isa = PBXFileReference; lastKnownFileType = sourcecode.swift; path = "Add Strings.swift"; sourceTree = "<group>"; };
		90BEFA962397AED400743C81 /* Add to Array-Form of Integer.swift */ = {isa = PBXFileReference; lastKnownFileType = sourcecode.swift; path = "Add to Array-Form of Integer.swift"; sourceTree = "<group>"; };
/* End PBXFileReference section */

/* Begin PBXFrameworksBuildPhase section */
		908E03442394B6C60041EC64 /* Frameworks */ = {
			isa = PBXFrameworksBuildPhase;
			buildActionMask = 2147483647;
			files = (
			);
			runOnlyForDeploymentPostprocessing = 0;
		};
/* End PBXFrameworksBuildPhase section */

/* Begin PBXGroup section */
		904C66CB239A523B003A64C5 /* Dynamic Programming */ = {
			isa = PBXGroup;
			children = (
				904C66CC239A5241003A64C5 /* Easy */,
			);
			path = "Dynamic Programming";
			sourceTree = "<group>";
		};
		904C66CC239A5241003A64C5 /* Easy */ = {
			isa = PBXGroup;
			children = (
				904C66CD239A5256003A64C5 /* Maximum Subarray.swift */,
				900738F3239C5067001AF191 /* Climbing Stairs.swift */,
			);
			path = Easy;
			sourceTree = "<group>";
		};
		908E033E2394B6C60041EC64 = {
			isa = PBXGroup;
			children = (
				908E03492394B6C60041EC64 /* leetCode */,
				908E03482394B6C60041EC64 /* Products */,
			);
			sourceTree = "<group>";
		};
		908E03482394B6C60041EC64 /* Products */ = {
			isa = PBXGroup;
			children = (
				908E03472394B6C60041EC64 /* leetCode */,
			);
			name = Products;
			sourceTree = "<group>";
		};
		908E03492394B6C60041EC64 /* leetCode */ = {
			isa = PBXGroup;
			children = (
				904C66CB239A523B003A64C5 /* Dynamic Programming */,
				90BEFA912397AA6F00743C81 /* bits */,
				90BEFA8E239790E500743C81 /* String */,
				908E03652394BE540041EC64 /* Array */,
				908E03632394BE540041EC64 /* List */,
				908E034A2394B6C60041EC64 /* main.swift */,
				908E03572394B8F40041EC64 /* algorithm.swift */,
			);
			path = leetCode;
			sourceTree = "<group>";
		};
		908E03632394BE540041EC64 /* List */ = {
			isa = PBXGroup;
			children = (
				908E03642394BE540041EC64 /* Add Two Numbers.swift */,
			);
			path = List;
			sourceTree = "<group>";
		};
		908E03652394BE540041EC64 /* Array */ = {
			isa = PBXGroup;
			children = (
				908E03662394BE540041EC64 /* longest substring.swift */,
				908E03672394BE540041EC64 /* 3SumClosest.swift */,
				908E03692394BE540041EC64 /* 3Sum.swift */,
				908E03682394BE540041EC64 /* Longest Palindromic.swift */,
				908E036A2394BE540041EC64 /* Two Sum.swift */,
				908E036B2394BE540041EC64 /* removeDuplicates.swift */,
				9091B2F423965C9000DAF380 /* 4Sum.swift */,
				90BEFA962397AED400743C81 /* Add to Array-Form of Integer.swift */,
				904C66C3239A4491003A64C5 /* Remove Duplicates from Sorted Array.swift */,
				904C66C9239A4E1E003A64C5 /* Remove Duplicates from Sorted Array II.swift */,
				904C66C5239A4A0A003A64C5 /* Remove Element.swift */,
				904C66C7239A4D19003A64C5 /* next-permutation.swift */,
			);
			path = Array;
			sourceTree = "<group>";
		};
		90BEFA8E239790E500743C81 /* String */ = {
			isa = PBXGroup;
			children = (
				90BEFA8F239790FA00743C81 /* Add Binary.swift */,
				90BEFA942397AB5A00743C81 /* Add Strings.swift */,
			);
			path = String;
			sourceTree = "<group>";
		};
		90BEFA912397AA6F00743C81 /* bits */ = {
			isa = PBXGroup;
			children = (
				90BEFA922397AA7A00743C81 /* Sum of Two Integers.swift */,
			);
			path = bits;
			sourceTree = "<group>";
		};
/* End PBXGroup section */

/* Begin PBXNativeTarget section */
		908E03462394B6C60041EC64 /* leetCode */ = {
			isa = PBXNativeTarget;
			buildConfigurationList = 908E034E2394B6C60041EC64 /* Build configuration list for PBXNativeTarget "leetCode" */;
			buildPhases = (
				908E03432394B6C60041EC64 /* Sources */,
				908E03442394B6C60041EC64 /* Frameworks */,
				908E03452394B6C60041EC64 /* CopyFiles */,
			);
			buildRules = (
			);
			dependencies = (
			);
			name = leetCode;
			productName = leetCode;
			productReference = 908E03472394B6C60041EC64 /* leetCode */;
			productType = "com.apple.product-type.tool";
		};
/* End PBXNativeTarget section */

/* Begin PBXProject section */
		908E033F2394B6C60041EC64 /* Project object */ = {
			isa = PBXProject;
			attributes = {
				LastSwiftUpdateCheck = 1120;
				LastUpgradeCheck = 1120;
				ORGANIZATIONNAME = czw;
				TargetAttributes = {
					908E03462394B6C60041EC64 = {
						CreatedOnToolsVersion = 11.2.1;
					};
				};
			};
			buildConfigurationList = 908E03422394B6C60041EC64 /* Build configuration list for PBXProject "leetCode" */;
			compatibilityVersion = "Xcode 9.3";
			developmentRegion = en;
			hasScannedForEncodings = 0;
			knownRegions = (
				en,
				Base,
			);
			mainGroup = 908E033E2394B6C60041EC64;
			productRefGroup = 908E03482394B6C60041EC64 /* Products */;
			projectDirPath = "";
			projectRoot = "";
			targets = (
				908E03462394B6C60041EC64 /* leetCode */,
			);
		};
/* End PBXProject section */

/* Begin PBXSourcesBuildPhase section */
		908E03432394B6C60041EC64 /* Sources */ = {
			isa = PBXSourcesBuildPhase;
			buildActionMask = 2147483647;
			files = (
				90BEFA972397AED400743C81 /* Add to Array-Form of Integer.swift in Sources */,
				9091B2F523965C9000DAF380 /* 4Sum.swift in Sources */,
				908E036F2394BE540041EC64 /* Longest Palindromic.swift in Sources */,
				908E036C2394BE540041EC64 /* Add Two Numbers.swift in Sources */,
				908E034B2394B6C60041EC64 /* main.swift in Sources */,
				908E03582394B8F40041EC64 /* algorithm.swift in Sources */,
				904C66C4239A4491003A64C5 /* Remove Duplicates from Sorted Array.swift in Sources */,
				900738F4239C5067001AF191 /* Climbing Stairs.swift in Sources */,
				904C66CE239A5256003A64C5 /* Maximum Subarray.swift in Sources */,
				904C66CA239A4E1E003A64C5 /* Remove Duplicates from Sorted Array II.swift in Sources */,
				904C66C6239A4A0A003A64C5 /* Remove Element.swift in Sources */,
				904C66C8239A4D19003A64C5 /* next-permutation.swift in Sources */,
				90BEFA90239790FA00743C81 /* Add Binary.swift in Sources */,
				908E03702394BE540041EC64 /* 3Sum.swift in Sources */,
				90BEFA952397AB5A00743C81 /* Add Strings.swift in Sources */,
				908E036E2394BE540041EC64 /* 3SumClosest.swift in Sources */,
				908E036D2394BE540041EC64 /* longest substring.swift in Sources */,
				90BEFA932397AA7A00743C81 /* Sum of Two Integers.swift in Sources */,
				908E03722394BE540041EC64 /* removeDuplicates.swift in Sources */,
				908E03712394BE540041EC64 /* Two Sum.swift in Sources */,
			);
			runOnlyForDeploymentPostprocessing = 0;
		};
/* End PBXSourcesBuildPhase section */

/* Begin XCBuildConfiguration section */
		908E034C2394B6C60041EC64 /* Debug */ = {
			isa = XCBuildConfiguration;
			buildSettings = {
				ALWAYS_SEARCH_USER_PATHS = NO;
				CLANG_ANALYZER_NONNULL = YES;
				CLANG_ANALYZER_NUMBER_OBJECT_CONVERSION = YES_AGGRESSIVE;
				CLANG_CXX_LANGUAGE_STANDARD = "gnu++14";
				CLANG_CXX_LIBRARY = "libc++";
				CLANG_ENABLE_MODULES = YES;
				CLANG_ENABLE_OBJC_ARC = YES;
				CLANG_ENABLE_OBJC_WEAK = YES;
				CLANG_WARN_BLOCK_CAPTURE_AUTORELEASING = YES;
				CLANG_WARN_BOOL_CONVERSION = YES;
				CLANG_WARN_COMMA = YES;
				CLANG_WARN_CONSTANT_CONVERSION = YES;
				CLANG_WARN_DEPRECATED_OBJC_IMPLEMENTATIONS = YES;
				CLANG_WARN_DIRECT_OBJC_ISA_USAGE = YES_ERROR;
				CLANG_WARN_DOCUMENTATION_COMMENTS = YES;
				CLANG_WARN_EMPTY_BODY = YES;
				CLANG_WARN_ENUM_CONVERSION = YES;
				CLANG_WARN_INFINITE_RECURSION = YES;
				CLANG_WARN_INT_CONVERSION = YES;
				CLANG_WARN_NON_LITERAL_NULL_CONVERSION = YES;
				CLANG_WARN_OBJC_IMPLICIT_RETAIN_SELF = YES;
				CLANG_WARN_OBJC_LITERAL_CONVERSION = YES;
				CLANG_WARN_OBJC_ROOT_CLASS = YES_ERROR;
				CLANG_WARN_RANGE_LOOP_ANALYSIS = YES;
				CLANG_WARN_STRICT_PROTOTYPES = YES;
				CLANG_WARN_SUSPICIOUS_MOVE = YES;
				CLANG_WARN_UNGUARDED_AVAILABILITY = YES_AGGRESSIVE;
				CLANG_WARN_UNREACHABLE_CODE = YES;
				CLANG_WARN__DUPLICATE_METHOD_MATCH = YES;
				COPY_PHASE_STRIP = NO;
				DEBUG_INFORMATION_FORMAT = dwarf;
				ENABLE_STRICT_OBJC_MSGSEND = YES;
				ENABLE_TESTABILITY = YES;
				GCC_C_LANGUAGE_STANDARD = gnu11;
				GCC_DYNAMIC_NO_PIC = NO;
				GCC_NO_COMMON_BLOCKS = YES;
				GCC_OPTIMIZATION_LEVEL = 0;
				GCC_PREPROCESSOR_DEFINITIONS = (
					"DEBUG=1",
					"$(inherited)",
				);
				GCC_WARN_64_TO_32_BIT_CONVERSION = YES;
				GCC_WARN_ABOUT_RETURN_TYPE = YES_ERROR;
				GCC_WARN_UNDECLARED_SELECTOR = YES;
				GCC_WARN_UNINITIALIZED_AUTOS = YES_AGGRESSIVE;
				GCC_WARN_UNUSED_FUNCTION = YES;
				GCC_WARN_UNUSED_VARIABLE = YES;
				MACOSX_DEPLOYMENT_TARGET = 10.15;
				MTL_ENABLE_DEBUG_INFO = INCLUDE_SOURCE;
				MTL_FAST_MATH = YES;
				ONLY_ACTIVE_ARCH = YES;
				SDKROOT = macosx;
				SWIFT_ACTIVE_COMPILATION_CONDITIONS = DEBUG;
				SWIFT_OPTIMIZATION_LEVEL = "-Onone";
			};
			name = Debug;
		};
		908E034D2394B6C60041EC64 /* Release */ = {
			isa = XCBuildConfiguration;
			buildSettings = {
				ALWAYS_SEARCH_USER_PATHS = NO;
				CLANG_ANALYZER_NONNULL = YES;
				CLANG_ANALYZER_NUMBER_OBJECT_CONVERSION = YES_AGGRESSIVE;
				CLANG_CXX_LANGUAGE_STANDARD = "gnu++14";
				CLANG_CXX_LIBRARY = "libc++";
				CLANG_ENABLE_MODULES = YES;
				CLANG_ENABLE_OBJC_ARC = YES;
				CLANG_ENABLE_OBJC_WEAK = YES;
				CLANG_WARN_BLOCK_CAPTURE_AUTORELEASING = YES;
				CLANG_WARN_BOOL_CONVERSION = YES;
				CLANG_WARN_COMMA = YES;
				CLANG_WARN_CONSTANT_CONVERSION = YES;
				CLANG_WARN_DEPRECATED_OBJC_IMPLEMENTATIONS = YES;
				CLANG_WARN_DIRECT_OBJC_ISA_USAGE = YES_ERROR;
				CLANG_WARN_DOCUMENTATION_COMMENTS = YES;
				CLANG_WARN_EMPTY_BODY = YES;
				CLANG_WARN_ENUM_CONVERSION = YES;
				CLANG_WARN_INFINITE_RECURSION = YES;
				CLANG_WARN_INT_CONVERSION = YES;
				CLANG_WARN_NON_LITERAL_NULL_CONVERSION = YES;
				CLANG_WARN_OBJC_IMPLICIT_RETAIN_SELF = YES;
				CLANG_WARN_OBJC_LITERAL_CONVERSION = YES;
				CLANG_WARN_OBJC_ROOT_CLASS = YES_ERROR;
				CLANG_WARN_RANGE_LOOP_ANALYSIS = YES;
				CLANG_WARN_STRICT_PROTOTYPES = YES;
				CLANG_WARN_SUSPICIOUS_MOVE = YES;
				CLANG_WARN_UNGUARDED_AVAILABILITY = YES_AGGRESSIVE;
				CLANG_WARN_UNREACHABLE_CODE = YES;
				CLANG_WARN__DUPLICATE_METHOD_MATCH = YES;
				COPY_PHASE_STRIP = NO;
				DEBUG_INFORMATION_FORMAT = "dwarf-with-dsym";
				ENABLE_NS_ASSERTIONS = NO;
				ENABLE_STRICT_OBJC_MSGSEND = YES;
				GCC_C_LANGUAGE_STANDARD = gnu11;
				GCC_NO_COMMON_BLOCKS = YES;
				GCC_WARN_64_TO_32_BIT_CONVERSION = YES;
				GCC_WARN_ABOUT_RETURN_TYPE = YES_ERROR;
				GCC_WARN_UNDECLARED_SELECTOR = YES;
				GCC_WARN_UNINITIALIZED_AUTOS = YES_AGGRESSIVE;
				GCC_WARN_UNUSED_FUNCTION = YES;
				GCC_WARN_UNUSED_VARIABLE = YES;
				MACOSX_DEPLOYMENT_TARGET = 10.15;
				MTL_ENABLE_DEBUG_INFO = NO;
				MTL_FAST_MATH = YES;
				SDKROOT = macosx;
				SWIFT_COMPILATION_MODE = wholemodule;
				SWIFT_OPTIMIZATION_LEVEL = "-O";
			};
			name = Release;
		};
		908E034F2394B6C60041EC64 /* Debug */ = {
			isa = XCBuildConfiguration;
			buildSettings = {
				CODE_SIGN_STYLE = Automatic;
				PRODUCT_NAME = "$(TARGET_NAME)";
				SWIFT_VERSION = 5.0;
			};
			name = Debug;
		};
		908E03502394B6C60041EC64 /* Release */ = {
			isa = XCBuildConfiguration;
			buildSettings = {
				CODE_SIGN_STYLE = Automatic;
				PRODUCT_NAME = "$(TARGET_NAME)";
				SWIFT_VERSION = 5.0;
			};
			name = Release;
		};
/* End XCBuildConfiguration section */

/* Begin XCConfigurationList section */
		908E03422394B6C60041EC64 /* Build configuration list for PBXProject "leetCode" */ = {
			isa = XCConfigurationList;
			buildConfigurations = (
				908E034C2394B6C60041EC64 /* Debug */,
				908E034D2394B6C60041EC64 /* Release */,
			);
			defaultConfigurationIsVisible = 0;
			defaultConfigurationName = Release;
		};
		908E034E2394B6C60041EC64 /* Build configuration list for PBXNativeTarget "leetCode" */ = {
			isa = XCConfigurationList;
			buildConfigurations = (
				908E034F2394B6C60041EC64 /* Debug */,
				908E03502394B6C60041EC64 /* Release */,
			);
			defaultConfigurationIsVisible = 0;
			defaultConfigurationName = Release;
		};
/* End XCConfigurationList section */
	};
	rootObject = 908E033F2394B6C60041EC64 /* Project object */;
}
